
Microsoft Visual Studio Solution File, Format Version 12.00
# Visual Studio Version 17
VisualStudioVersion = 17.0.31903.59
MinimumVisualStudioVersion = 10.0.40219.1
Project("{FAE04EC0-301F-11D3-BF4B-00C04F79EFBC}") = "Flaky.Api", "Flaky.Api\Flaky.Api.csproj", "{3A0672B7-8F20-4E2F-8A0A-617CD60401DB}"
EndProject
Global
	GlobalSection(SolutionConfigurationPlatforms) = preSolution
		Debug|Any CPU = Debug|Any CPU
		Release|Any CPU = Release|Any CPU
	EndGlobalSection
	GlobalSection(SolutionProperties) = preSolution
		HideSolutionNode = FALSE
	EndGlobalSection
	GlobalSection(ProjectConfigurationPlatforms) = postSolution
		{3A0672B7-8F20-4E2F-8A0A-617CD60401DB}.Debug|Any CPU.ActiveCfg = Debug|Any CPU
		{3A0672B7-8F20-4E2F-8A0A-617CD60401DB}.Debug|Any CPU.Build.0 = Debug|Any CPU
		{3A0672B7-8F20-4E2F-8A0A-617CD60401DB}.Release|Any CPU.ActiveCfg = Release|Any CPU
		{3A0672B7-8F20-4E2F-8A0A-617CD60401DB}.Release|Any CPU.Build.0 = Release|Any CPU
	EndGlobalSection
EndGlobal
